
Microsoft Visual Studio Solution File, Format Version 12.00
# Visual Studio 2013
VisualStudioVersion = 12.0.21005.1
MinimumVisualStudioVersion = 10.0.40219.1
Project("{FAE04EC0-301F-11D3-BF4B-00C04F79EFBC}") = "SethWebster.OpenLogging", "SethWebster.OpenLogging\SethWebster.OpenLogging.csproj", "{32F9DB7A-FB52-43E0-B45E-67B9CD6C84A8}"
EndProject
Project("{FAE04EC0-301F-11D3-BF4B-00C04F79EFBC}") = "SethWebster.OpenLogging.Client", "SethWebster.OpenLogging.Client\SethWebster.OpenLogging.Client.csproj", "{15A9B9F4-88DA-4359-A627-7E8CB37AC878}"
EndProject
Project("{FAE04EC0-301F-11D3-BF4B-00C04F79EFBC}") = "SethWebster.OpenLogging.Console", "SethWebster.OpenLogging.Console\SethWebster.OpenLogging.Console.csproj", "{5B50EB83-9CB8-45C0-BC5E-56332B7117CA}"
EndProject
Project("{2150E333-8FDC-42A3-9474-1A3956D46DE8}") = ".nuget", ".nuget", "{1B687E96-02D6-4526-B9F5-710D818AA059}"
	ProjectSection(SolutionItems) = preProject
		.nuget\NuGet.Config = .nuget\NuGet.Config
		.nuget\NuGet.exe = .nuget\NuGet.exe
		.nuget\NuGet.targets = .nuget\NuGet.targets
	EndProjectSection
EndProject
Project("{FAE04EC0-301F-11D3-BF4B-00C04F79EFBC}") = "SethWebster.OpenLogging.Models", "SethWebster.OpenLogging.Models\SethWebster.OpenLogging.Models.csproj", "{A75F42CE-7087-4D2E-9102-CE898242EF15}"
EndProject
Global
	GlobalSection(SolutionConfigurationPlatforms) = preSolution
		Debug|Any CPU = Debug|Any CPU
		Release|Any CPU = Release|Any CPU
	EndGlobalSection
	GlobalSection(ProjectConfigurationPlatforms) = postSolution
		{32F9DB7A-FB52-43E0-B45E-67B9CD6C84A8}.Debug|Any CPU.ActiveCfg = Debug|Any CPU
		{32F9DB7A-FB52-43E0-B45E-67B9CD6C84A8}.Debug|Any CPU.Build.0 = Debug|Any CPU
		{32F9DB7A-FB52-43E0-B45E-67B9CD6C84A8}.Release|Any CPU.ActiveCfg = Release|Any CPU
		{32F9DB7A-FB52-43E0-B45E-67B9CD6C84A8}.Release|Any CPU.Build.0 = Release|Any CPU
		{15A9B9F4-88DA-4359-A627-7E8CB37AC878}.Debug|Any CPU.ActiveCfg = Debug|Any CPU
		{15A9B9F4-88DA-4359-A627-7E8CB37AC878}.Debug|Any CPU.Build.0 = Debug|Any CPU
		{15A9B9F4-88DA-4359-A627-7E8CB37AC878}.Release|Any CPU.ActiveCfg = Release|Any CPU
		{15A9B9F4-88DA-4359-A627-7E8CB37AC878}.Release|Any CPU.Build.0 = Release|Any CPU
		{5B50EB83-9CB8-45C0-BC5E-56332B7117CA}.Debug|Any CPU.ActiveCfg = Debug|Any CPU
		{5B50EB83-9CB8-45C0-BC5E-56332B7117CA}.Debug|Any CPU.Build.0 = Debug|Any CPU
		{5B50EB83-9CB8-45C0-BC5E-56332B7117CA}.Release|Any CPU.ActiveCfg = Release|Any CPU
		{5B50EB83-9CB8-45C0-BC5E-56332B7117CA}.Release|Any CPU.Build.0 = Release|Any CPU
		{A75F42CE-7087-4D2E-9102-CE898242EF15}.Debug|Any CPU.ActiveCfg = Debug|Any CPU
		{A75F42CE-7087-4D2E-9102-CE898242EF15}.Debug|Any CPU.Build.0 = Debug|Any CPU
		{A75F42CE-7087-4D2E-9102-CE898242EF15}.Release|Any CPU.ActiveCfg = Release|Any CPU
		{A75F42CE-7087-4D2E-9102-CE898242EF15}.Release|Any CPU.Build.0 = Release|Any CPU
	EndGlobalSection
	GlobalSection(SolutionProperties) = preSolution
		HideSolutionNode = FALSE
	EndGlobalSection
EndGlobal
